{
  "version": 4,
  "terraform_version": "1.4.6",
  "serial": 2,
  "lineage": "ca6f92cf-2f16-9184-18f8-9b4cd4669aee",
  "outputs": {
    "custom": {
      "value": "something",
      "type": "string"
    },
    "file_content_md5": {
      "value": "eccbc87e4b5ce2fe28308fd9f2a7baf3",
      "type": "string"
    }
  },
  "resources": [
    {
      "mode": "managed",
      "type": "local_file",
      "name": "file",
      "provider": "provider[\"registry.terraform.io/hashicorp/local\"]",
      "instances": [
        {
          "index_key": 0,
          "schema_version": 0,
          "attributes": {
            "content": "3",
            "content_base64": null,
            "content_base64sha256": "TgdAhWK+24tgzgXB3s/jrRa3IjCWfeAfZAt+Rym0n84=",
            "content_base64sha512": "O6+/CIgqLRATMJOhuEM/UFY7k8FKzQW3kCjrHRJ5kCckFFCYBlGZRQFCOmbCdq4mxDtzm8ZcThaxDDr2wgKuuw==",
            "content_md5": "eccbc87e4b5ce2fe28308fd9f2a7baf3",
            "content_sha1": "77de68daecd823babbb58edb1c8e14d7106e83bb",
            "content_sha256": "4e07408562bedb8b60ce05c1decfe3ad16b72230967de01f640b7e4729b49fce",
            "content_sha512": "3bafbf08882a2d10133093a1b8433f50563b93c14acd05b79028eb1d12799027241450980651994501423a66c276ae26c43b739bc65c4e16b10c3af6c202aebb",
            "directory_permission": "0777",
            "file_permission": "0777",
            "filename": "./task_0",
            "id": "77de68daecd823babbb58edb1c8e14d7106e83bb",
            "sensitive_content": null,
            "source": null
          },
          "sensitive_attributes": []
        },
        {
          "index_key": 1,
          "schema_version": 0,
          "attributes": {
            "content": "3",
            "content_base64": null,
            "content_base64sha256": "TgdAhWK+24tgzgXB3s/jrRa3IjCWfeAfZAt+Rym0n84=",
            "content_base64sha512": "O6+/CIgqLRATMJOhuEM/UFY7k8FKzQW3kCjrHRJ5kCckFFCYBlGZRQFCOmbCdq4mxDtzm8ZcThaxDDr2wgKuuw==",
            "content_md5": "eccbc87e4b5ce2fe28308fd9f2a7baf3",
            "content_sha1": "77de68daecd823babbb58edb1c8e14d7106e83bb",
            "content_sha256": "4e07408562bedb8b60ce05c1decfe3ad16b72230967de01f640b7e4729b49fce",
            "content_sha512": "3bafbf08882a2d10133093a1b8433f50563b93c14acd05b79028eb1d12799027241450980651994501423a66c276ae26c43b739bc65c4e16b10c3af6c202aebb",
            "directory_permission": "0777",
            "file_permission": "0777",
            "filename": "./task_1",
            "id": "77de68daecd823babbb58edb1c8e14d7106e83bb",
            "sensitive_content": null,
            "source": null
          },
          "sensitive_attributes": []
        },
        {
          "index_key": 2,
          "schema_version": 0,
          "attributes": {
            "content": "3",
            "content_base64": null,
            "content_base64sha256": "TgdAhWK+24tgzgXB3s/jrRa3IjCWfeAfZAt+Rym0n84=",
            "content_base64sha512": "O6+/CIgqLRATMJOhuEM/UFY7k8FKzQW3kCjrHRJ5kCckFFCYBlGZRQFCOmbCdq4mxDtzm8ZcThaxDDr2wgKuuw==",
            "content_md5": "eccbc87e4b5ce2fe28308fd9f2a7baf3",
            "content_sha1": "77de68daecd823babbb58edb1c8e14d7106e83bb",
            "content_sha256": "4e07408562bedb8b60ce05c1decfe3ad16b72230967de01f640b7e4729b49fce",
            "content_sha512": "3bafbf08882a2d10133093a1b8433f50563b93c14acd05b79028eb1d12799027241450980651994501423a66c276ae26c43b739bc65c4e16b10c3af6c202aebb",
            "directory_permission": "0777",
            "file_permission": "0777",
            "filename": "./task_2",
            "id": "77de68daecd823babbb58edb1c8e14d7106e83bb",
            "sensitive_content": null,
            "source": null
          },
          "sensitive_attributes": []
        }
      ]
    }
  ],
  "check_results": null
}
